
Microsoft Visual Studio Solution File, Format Version 12.00
# Visual Studio Version 17
VisualStudioVersion = 17.8.34511.84
MinimumVisualStudioVersion = 10.0.40219.1
Project("{FAE04EC0-301F-11D3-BF4B-00C04F79EFBC}") = "ConsoleApp1", "ConsoleApp1\ConsoleApp1.csproj", "{6D68A0D9-6F5A-47F0-B86E-1BF29F3390B4}"
EndProject
Project("{FAE04EC0-301F-11D3-BF4B-00C04F79EFBC}") = "UnitTestProject1", "UnitTestProject1\UnitTestProject1.csproj", "{19F05C97-5224-4007-8ABC-96AD9116EFFE}"
EndProject
Global
	GlobalSection(SolutionConfigurationPlatforms) = preSolution
		Debug|Any CPU = Debug|Any CPU
		Release|Any CPU = Release|Any CPU
	EndGlobalSection
	GlobalSection(ProjectConfigurationPlatforms) = postSolution
		{6D68A0D9-6F5A-47F0-B86E-1BF29F3390B4}.Debug|Any CPU.ActiveCfg = Debug|Any CPU
		{6D68A0D9-6F5A-47F0-B86E-1BF29F3390B4}.Debug|Any CPU.Build.0 = Debug|Any CPU
		{6D68A0D9-6F5A-47F0-B86E-1BF29F3390B4}.Release|Any CPU.ActiveCfg = Release|Any CPU
		{6D68A0D9-6F5A-47F0-B86E-1BF29F3390B4}.Release|Any CPU.Build.0 = Release|Any CPU
		{19F05C97-5224-4007-8ABC-96AD9116EFFE}.Debug|Any CPU.ActiveCfg = Debug|Any CPU
		{19F05C97-5224-4007-8ABC-96AD9116EFFE}.Debug|Any CPU.Build.0 = Debug|Any CPU
		{19F05C97-5224-4007-8ABC-96AD9116EFFE}.Release|Any CPU.ActiveCfg = Release|Any CPU
		{19F05C97-5224-4007-8ABC-96AD9116EFFE}.Release|Any CPU.Build.0 = Release|Any CPU
	EndGlobalSection
	GlobalSection(SolutionProperties) = preSolution
		HideSolutionNode = FALSE
	EndGlobalSection
	GlobalSection(ExtensibilityGlobals) = postSolution
		SolutionGuid = {A5B6C679-C113-4D1E-95F8-57B3FF886736}
	EndGlobalSection
EndGlobal
